
Microsoft Visual Studio Solution File, Format Version 12.00
# Visual Studio Version 16
VisualStudioVersion = 16.0.31702.278
MinimumVisualStudioVersion = 10.0.40219.1
Project("{FAE04EC0-301F-11D3-BF4B-00C04F79EFBC}") = "rendszszerterv_winapp", "rendszszerterv_winapp\rendszszerterv_winapp.csproj", "{6C1A4C7E-DD94-47F4-B945-02953FD4D7BE}"
EndProject
Global
	GlobalSection(SolutionConfigurationPlatforms) = preSolution
		Debug|Any CPU = Debug|Any CPU
		Release|Any CPU = Release|Any CPU
	EndGlobalSection
	GlobalSection(ProjectConfigurationPlatforms) = postSolution
		{6C1A4C7E-DD94-47F4-B945-02953FD4D7BE}.Debug|Any CPU.ActiveCfg = Debug|Any CPU
		{6C1A4C7E-DD94-47F4-B945-02953FD4D7BE}.Debug|Any CPU.Build.0 = Debug|Any CPU
		{6C1A4C7E-DD94-47F4-B945-02953FD4D7BE}.Release|Any CPU.ActiveCfg = Release|Any CPU
		{6C1A4C7E-DD94-47F4-B945-02953FD4D7BE}.Release|Any CPU.Build.0 = Release|Any CPU
	EndGlobalSection
	GlobalSection(SolutionProperties) = preSolution
		HideSolutionNode = FALSE
	EndGlobalSection
	GlobalSection(ExtensibilityGlobals) = postSolution
		SolutionGuid = {B75EDCA3-5816-46C6-86CE-BE1B200D0608}
	EndGlobalSection
EndGlobal
